
Microsoft Visual Studio Solution File, Format Version 12.00
# Visual Studio Version 17
VisualStudioVersion = 17.0.32014.148
MinimumVisualStudioVersion = 10.0.40219.1
Project("{FAE04EC0-301F-11D3-BF4B-00C04F79EFBC}") = "TechWebDots", "TechWebDots.csproj", "{87989D90-2FD1-489B-A8B7-B38F50C657EB}"
EndProject
Global
	GlobalSection(SolutionConfigurationPlatforms) = preSolution
		Debug|Any CPU = Debug|Any CPU
		Release|Any CPU = Release|Any CPU
	EndGlobalSection
	GlobalSection(ProjectConfigurationPlatforms) = postSolution
		{87989D90-2FD1-489B-A8B7-B38F50C657EB}.Debug|Any CPU.ActiveCfg = Debug|Any CPU
		{87989D90-2FD1-489B-A8B7-B38F50C657EB}.Debug|Any CPU.Build.0 = Debug|Any CPU
		{87989D90-2FD1-489B-A8B7-B38F50C657EB}.Release|Any CPU.ActiveCfg = Release|Any CPU
		{87989D90-2FD1-489B-A8B7-B38F50C657EB}.Release|Any CPU.Build.0 = Release|Any CPU
	EndGlobalSection
	GlobalSection(SolutionProperties) = preSolution
		HideSolutionNode = FALSE
	EndGlobalSection
	GlobalSection(ExtensibilityGlobals) = postSolution
		SolutionGuid = {62A82C05-3508-4E45-951D-047A9DB869F5}
	EndGlobalSection
EndGlobal
